
Microsoft Visual Studio Solution File, Format Version 12.00
# Visual Studio Version 16
VisualStudioVersion = 16.0.31205.134
MinimumVisualStudioVersion = 10.0.40219.1
Project("{FAE04EC0-301F-11D3-BF4B-00C04F79EFBC}") = "ContactBook", "ContactBook.csproj", "{7166C106-DCFD-4755-BC37-6D5A46A160BF}"
EndProject
Global
	GlobalSection(SolutionConfigurationPlatforms) = preSolution
		Debug|Any CPU = Debug|Any CPU
		Release|Any CPU = Release|Any CPU
	EndGlobalSection
	GlobalSection(ProjectConfigurationPlatforms) = postSolution
		{7166C106-DCFD-4755-BC37-6D5A46A160BF}.Debug|Any CPU.ActiveCfg = Debug|Any CPU
		{7166C106-DCFD-4755-BC37-6D5A46A160BF}.Debug|Any CPU.Build.0 = Debug|Any CPU
		{7166C106-DCFD-4755-BC37-6D5A46A160BF}.Release|Any CPU.ActiveCfg = Release|Any CPU
		{7166C106-DCFD-4755-BC37-6D5A46A160BF}.Release|Any CPU.Build.0 = Release|Any CPU
	EndGlobalSection
	GlobalSection(SolutionProperties) = preSolution
		HideSolutionNode = FALSE
	EndGlobalSection
	GlobalSection(ExtensibilityGlobals) = postSolution
		SolutionGuid = {7CE9664F-3784-45F0-B1D3-644A0F18992A}
	EndGlobalSection
EndGlobal
